lockfileVersion: '9.0'

settings:
  autoInstallPeers: true
  excludeLinksFromLockfile: false

importers:

  .:
    dependencies:
      bufferutil:
        specifier: ^4.0.1
        version: 4.1.0
      utf-8-validate:
        specifier: ^5.0.2
        version: 5.0.10
      ws:
        specifier: ^8.20.0
        version: 8.20.0(bufferutil@4.1.0)(utf-8-validate@5.0.10)

packages:

  bufferutil@4.1.0:
    resolution: {integrity: sha512-ZMANVnAixE6AWWnPzlW2KpUrxhm9woycYvPOo67jWHyFowASTEd9s+QN1EIMsSDtwhIxN4sWE1jotpuDUIgyIw==}
    engines: {node: '>=6.14.2'}

  node-gyp-build@4.8.4:
    resolution: {integrity: sha512-LA4ZjwlnUblHVgq0oBF3Jl/6h/Nvs5fzBLwdEF4nuxnFdsfajde4WfxtJr3CaiH+F6ewcIB/q4jQ4UzPyid+CQ==}
    hasBin: true

  utf-8-validate@5.0.10:
    resolution: {integrity: sha512-Z6czzLq4u8fPOyx7TU6X3dvUZVvoJmxSQ+IcrlmagKhilxlhZgxPK6C5Jqbkw1IDUmFTM+cz9QDnnLTwDz/2gQ==}
    engines: {node: '>=6.14.2'}

  ws@8.20.0:
    resolution: {integrity: sha512-sAt8BhgNbzCtgGbt2OxmpuryO63ZoDk/sqaB/znQm94T4fCEsy/yV+7CdC1kJhOU9lboAEU7R3kquuycDoibVA==}
    engines: {node: '>=10.0.0'}
    peerDependencies:
      bufferutil: ^4.0.1
      utf-8-validate: '>=5.0.2'
    peerDependenciesMeta:
      bufferutil:
        optional: true
      utf-8-validate:
        optional: true

snapshots:

  bufferutil@4.1.0:
    dependencies:
      node-gyp-build: 4.8.4

  node-gyp-build@4.8.4: {}

  utf-8-validate@5.0.10:
    dependencies:
      node-gyp-build: 4.8.4

  ws@8.20.0(bufferutil@4.1.0)(utf-8-validate@5.0.10):
    optionalDependencies:
      bufferutil: 4.1.0
      utf-8-validate: 5.0.10
